// !$*UTF8*$!
{
	archiveVersion = 1;
	classes = {
	};
	objectVersion = 46;
	objects = {

/* Begin PBXBuildFile section */
		318B33F319270BFD00690BE7 /* Foundation.framework in Frameworks */ = {isa = PBXBuildFile; fileRef = 318B33F219270BFD00690BE7 /* Foundation.framework */; };
		318B33F519270BFD00690BE7 /* CoreGraphics.framework in Frameworks */ = {isa = PBXBuildFile; fileRef = 318B33F419270BFD00690BE7 /* CoreGraphics.framework */; };
		318B33F719270BFD00690BE7 /* UIKit.framework in Frameworks */ = {isa = PBXBuildFile; fileRef = 318B33F619270BFD00690BE7 /* UIKit.framework */; };
		318B33FD19270BFD00690BE7 /* InfoPlist.strings in Resources */ = {isa = PBXBuildFile; fileRef = 318B33FB19270BFD00690BE7 /* InfoPlist.strings */; };
		318B33FF19270BFD00690BE7 /* main.m in Sources */ = {isa = PBXBuildFile; fileRef = 318B33FE19270BFD00690BE7 /* main.m */; };
		318B340319270BFD00690BE7 /* TTAppDelegate.m in Sources */ = {isa = PBXBuildFile; fileRef = 318B340219270BFD00690BE7 /* TTAppDelegate.m */; };
		318B340619270BFD00690BE7 /* Main.storyboard in Resources */ = {isa = PBXBuildFile; fileRef = 318B340419270BFD00690BE7 /* Main.storyboard */; };
		318B340919270BFD00690BE7 /* TTViewController.m in Sources */ = {isa = PBXBuildFile; fileRef = 318B340819270BFD00690BE7 /* TTViewController.m */; };
		318B340B19270BFD00690BE7 /* Images.xcassets in Resources */ = {isa = PBXBuildFile; fileRef = 318B340A19270BFD00690BE7 /* Images.xcassets */; };
		318B341219270BFD00690BE7 /* XCTest.framework in Frameworks */ = {isa = PBXBuildFile; fileRef = 318B341119270BFD00690BE7 /* XCTest.framework */; };
		318B341319270BFD00690BE7 /* Foundation.framework in Frameworks */ = {isa = PBXBuildFile; fileRef = 318B33F219270BFD00690BE7 /* Foundation.framework */; };
		318B341419270BFD00690BE7 /* UIKit.framework in Frameworks */ = {isa = PBXBuildFile; fileRef = 318B33F619270BFD00690BE7 /* UIKit.framework */; };
		318B341C19270BFD00690BE7 /* InfoPlist.strings in Resources */ = {isa = PBXBuildFile; fileRef = 318B341A19270BFD00690BE7 /* InfoPlist.strings */; };
		318B341E19270BFD00690BE7 /* TendigiTwitterFeedTests.m in Sources */ = {isa = PBXBuildFile; fileRef = 318B341D19270BFD00690BE7 /* TendigiTwitterFeedTests.m */; };
		318B342819270D2B00690BE7 /* Social.framework in Frameworks */ = {isa = PBXBuildFile; fileRef = 318B342719270D2B00690BE7 /* Social.framework */; };
		318B344E1927167700690BE7 /* citybackground_blur.png in Resources */ = {isa = PBXBuildFile; fileRef = 318B344C1927167700690BE7 /* citybackground_blur.png */; };
		318B344F1927167700690BE7 /* citybackground_clear.png in Resources */ = {isa = PBXBuildFile; fileRef = 318B344D1927167700690BE7 /* citybackground_clear.png */; };
		318B345219290C7900690BE7 /* TTGetJson.m in Sources */ = {isa = PBXBuildFile; fileRef = 318B345119290C7900690BE7 /* TTGetJson.m */; };
		318B34551929289600690BE7 /* TTTweet.m in Sources */ = {isa = PBXBuildFile; fileRef = 318B34541929289600690BE7 /* TTTweet.m */; };
		318B34741929472F00690BE7 /* NSDateFormatter+STTwitter.m in Sources */ = {isa = PBXBuildFile; fileRef = 318B34581929472F00690BE7 /* NSDateFormatter+STTwitter.m */; };
		318B34751929472F00690BE7 /* NSError+STTwitter.m in Sources */ = {isa = PBXBuildFile; fileRef = 318B345A1929472F00690BE7 /* NSError+STTwitter.m */; };
		318B34761929472F00690BE7 /* NSString+STTwitter.m in Sources */ = {isa = PBXBuildFile; fileRef = 318B345C1929472F00690BE7 /* NSString+STTwitter.m */; };
		318B34771929472F00690BE7 /* STHTTPRequest+STTwitter.m in Sources */ = {isa = PBXBuildFile; fileRef = 318B345E1929472F00690BE7 /* STHTTPRequest+STTwitter.m */; };
		318B34781929472F00690BE7 /* STTwitterAPI.m in Sources */ = {isa = PBXBuildFile; fileRef = 318B34611929472F00690BE7 /* STTwitterAPI.m */; };
		318B34791929472F00690BE7 /* STTwitterAppOnly.m in Sources */ = {isa = PBXBuildFile; fileRef = 318B34631929472F00690BE7 /* STTwitterAppOnly.m */; };
		318B347A1929472F00690BE7 /* STTwitterHTML.m in Sources */ = {isa = PBXBuildFile; fileRef = 318B34651929472F00690BE7 /* STTwitterHTML.m */; };
		318B347B1929472F00690BE7 /* STTwitterOAuth.m in Sources */ = {isa = PBXBuildFile; fileRef = 318B34671929472F00690BE7 /* STTwitterOAuth.m */; };
		318B347C1929472F00690BE7 /* STTwitterOS.m in Sources */ = {isa = PBXBuildFile; fileRef = 318B34691929472F00690BE7 /* STTwitterOS.m */; };
		318B347D1929472F00690BE7 /* STTwitterOSRequest.m in Sources */ = {isa = PBXBuildFile; fileRef = 318B346B1929472F00690BE7 /* STTwitterOSRequest.m */; };
		318B347E1929472F00690BE7 /* BAVPlistNode.m in Sources */ = {isa = PBXBuildFile; fileRef = 318B346F1929472F00690BE7 /* BAVPlistNode.m */; };
		318B347F1929472F00690BE7 /* JSONSyntaxHighlight.m in Sources */ = {isa = PBXBuildFile; fileRef = 318B34711929472F00690BE7 /* JSONSyntaxHighlight.m */; };
		318B34801929472F00690BE7 /* STHTTPRequest.m in Sources */ = {isa = PBXBuildFile; fileRef = 318B34731929472F00690BE7 /* STHTTPRequest.m */; };
		318B348219294A8A00690BE7 /* Twitter.framework in Frameworks */ = {isa = PBXBuildFile; fileRef = 318B348119294A8A00690BE7 /* Twitter.framework */; };
		318B348419294AA600690BE7 /* Accounts.framework in Frameworks */ = {isa = PBXBuildFile; fileRef = 318B348319294AA600690BE7 /* Accounts.framework */; };
		318B3489192AC6E500690BE7 /* TTTweetCell.m in Sources */ = {isa = PBXBuildFile; fileRef = 318B3487192AC6E500690BE7 /* TTTweetCell.m */; };
		318B348A192AC6E500690BE7 /* TTTweetCell.xib in Resources */ = {isa = PBXBuildFile; fileRef = 318B3488192AC6E500690BE7 /* TTTweetCell.xib */; };
		318B348E192BE5AE00690BE7 /* NSDate+TimeAgo.m in Sources */ = {isa = PBXBuildFile; fileRef = 318B348D192BE5AE00690BE7 /* NSDate+TimeAgo.m */; };
		318B3490192BED1900690BE7 /* NSDateTimeAgo.bundle in Resources */ = {isa = PBXBuildFile; fileRef = 318B348F192BED1900690BE7 /* NSDateTimeAgo.bundle */; };
		318B3494192BEFD700690BE7 /* TTTwitterFeedHeadCell.m in Sources */ = {isa = PBXBuildFile; fileRef = 318B3492192BEFD700690BE7 /* TTTwitterFeedHeadCell.m */; };
		318B3495192BEFD700690BE7 /* TTTwitterFeedHeadCell.xib in Resources */ = {isa = PBXBuildFile; fileRef = 318B3493192BEFD700690BE7 /* TTTwitterFeedHeadCell.xib */; };
		318B3498192BF80000690BE7 /* TTImage.m in Sources */ = {isa = PBXBuildFile; fileRef = 318B3497192BF80000690BE7 /* TTImage.m */; };
		318B349B192BF82400690BE7 /* TTTwitterFeed.m in Sources */ = {isa = PBXBuildFile; fileRef = 318B349A192BF82400690BE7 /* TTTwitterFeed.m */; };
/* End PBXBuildFile section */

/* Begin PBXContainerItemProxy section */
		318B341519270BFD00690BE7 /* PBXContainerItemProxy */ = {
			isa = PBXContainerItemProxy;
			containerPortal = 318B33E719270BFD00690BE7 /* Project object */;
			proxyType = 1;
			remoteGlobalIDString = 318B33EE19270BFD00690BE7;
			remoteInfo = TendigiTwitterFeed;
		};
/* End PBXContainerItemProxy section */

/* Begin PBXFileReference section */
		318B33EF19270BFD00690BE7 /* TendigiTwitterFeed.app */ = {isa = PBXFileReference; explicitFileType = wrapper.application; includeInIndex = 0; path = TendigiTwitterFeed.app; sourceTree = BUILT_PRODUCTS_DIR; };
		318B33F219270BFD00690BE7 /* Foundation.framework */ = {isa = PBXFileReference; lastKnownFileType = wrapper.framework; name = Foundation.framework; path = System/Library/Frameworks/Foundation.framework; sourceTree = SDKROOT; };
		318B33F419270BFD00690BE7 /* CoreGraphics.framework */ = {isa = PBXFileReference; lastKnownFileType = wrapper.framework; name = CoreGraphics.framework; path = System/Library/Frameworks/CoreGraphics.framework; sourceTree = SDKROOT; };
		318B33F619270BFD00690BE7 /* UIKit.framework */ = {isa = PBXFileReference; lastKnownFileType = wrapper.framework; name = UIKit.framework; path = System/Library/Frameworks/UIKit.framework; sourceTree = SDKROOT; };
		318B33FA19270BFD00690BE7 /* TendigiTwitterFeed-Info.plist */ = {isa = PBXFileReference; lastKnownFileType = text.plist.xml; path = "TendigiTwitterFeed-Info.plist"; sourceTree = "<group>"; };
		318B33FC19270BFD00690BE7 /* en */ = {isa = PBXFileReference; lastKnownFileType = text.plist.strings; name = en; path = en.lproj/InfoPlist.strings; sourceTree = "<group>"; };
		318B33FE19270BFD00690BE7 /* main.m */ = {isa = PBXFileReference; lastKnownFileType = sourcecode.c.objc; path = main.m; sourceTree = "<group>"; };
		318B340019270BFD00690BE7 /* TendigiTwitterFeed-Prefix.pch */ = {isa = PBXFileReference; lastKnownFileType = sourcecode.c.h; path = "TendigiTwitterFeed-Prefix.pch"; sourceTree = "<group>"; };
		318B340119270BFD00690BE7 /* TTAppDelegate.h */ = {isa = PBXFileReference; lastKnownFileType = sourcecode.c.h; path = TTAppDelegate.h; sourceTree = "<group>"; };
		318B340219270BFD00690BE7 /* TTAppDelegate.m */ = {isa = PBXFileReference; lastKnownFileType = sourcecode.c.objc; path = TTAppDelegate.m; sourceTree = "<group>"; };
		318B340519270BFD00690BE7 /* Base */ = {isa = PBXFileReference; lastKnownFileType = file.storyboard; name = Base; path = Base.lproj/Main.storyboard; sourceTree = "<group>"; };
		318B340719270BFD00690BE7 /* TTViewController.h */ = {isa = PBXFileReference; lastKnownFileType = sourcecode.c.h; path = TTViewController.h; sourceTree = "<group>"; };
		318B340819270BFD00690BE7 /* TTViewController.m */ = {isa = PBXFileReference; lastKnownFileType = sourcecode.c.objc; path = TTViewController.m; sourceTree = "<group>"; };
		318B340A19270BFD00690BE7 /* Images.xcassets */ = {isa = PBXFileReference; lastKnownFileType = folder.assetcatalog; path = Images.xcassets; sourceTree = "<group>"; };
		318B341019270BFD00690BE7 /* TendigiTwitterFeedTests.xctest */ = {isa = PBXFileReference; explicitFileType = wrapper.cfbundle; includeInIndex = 0; path = TendigiTwitterFeedTests.xctest; sourceTree = BUILT_PRODUCTS_DIR; };
		318B341119270BFD00690BE7 /* XCTest.framework */ = {isa = PBXFileReference; lastKnownFileType = wrapper.framework; name = XCTest.framework; path = Library/Frameworks/XCTest.framework; sourceTree = DEVELOPER_DIR; };
		318B341919270BFD00690BE7 /* TendigiTwitterFeedTests-Info.plist */ = {isa = PBXFileReference; lastKnownFileType = text.plist.xml; path = "TendigiTwitterFeedTests-Info.plist"; sourceTree = "<group>"; };
		318B341B19270BFD00690BE7 /* en */ = {isa = PBXFileReference; lastKnownFileType = text.plist.strings; name = en; path = en.lproj/InfoPlist.strings; sourceTree = "<group>"; };
		318B341D19270BFD00690BE7 /* TendigiTwitterFeedTests.m */ = {isa = PBXFileReference; lastKnownFileType = sourcecode.c.objc; path = TendigiTwitterFeedTests.m; sourceTree = "<group>"; };
		318B342719270D2B00690BE7 /* Social.framework */ = {isa = PBXFileReference; lastKnownFileType = wrapper.framework; name = Social.framework; path = System/Library/Frameworks/Social.framework; sourceTree = SDKROOT; };
		318B344C1927167700690BE7 /* citybackground_blur.png */ = {isa = PBXFileReference; lastKnownFileType = image.png; path = citybackground_blur.png; sourceTree = "<group>"; };
		318B344D1927167700690BE7 /* citybackground_clear.png */ = {isa = PBXFileReference; lastKnownFileType = image.png; path = citybackground_clear.png; sourceTree = "<group>"; };
		318B345019290C7900690BE7 /* TTGetJson.h */ = {isa = PBXFileReference; fileEncoding = 4; lastKnownFileType = sourcecode.c.h; path = TTGetJson.h; sourceTree = "<group>"; };
		318B345119290C7900690BE7 /* TTGetJson.m */ = {isa = PBXFileReference; fileEncoding = 4; lastKnownFileType = sourcecode.c.objc; path = TTGetJson.m; sourceTree = "<group>"; };
		318B34531929289600690BE7 /* TTTweet.h */ = {isa = PBXFileReference; fileEncoding = 4; lastKnownFileType = sourcecode.c.h; path = TTTweet.h; sourceTree = "<group>"; };
		318B34541929289600690BE7 /* TTTweet.m */ = {isa = PBXFileReference; fileEncoding = 4; lastKnownFileType = sourcecode.c.objc; path = TTTweet.m; sourceTree = "<group>"; };
		318B34571929472F00690BE7 /* NSDateFormatter+STTwitter.h */ = {isa = PBXFileReference; fileEncoding = 4; lastKnownFileType = sourcecode.c.h; path = "NSDateFormatter+STTwitter.h"; sourceTree = "<group>"; };
		318B34581929472F00690BE7 /* NSDateFormatter+STTwitter.m */ = {isa = PBXFileReference; fileEncoding = 4; lastKnownFileType = sourcecode.c.objc; path = "NSDateFormatter+STTwitter.m"; sourceTree = "<group>"; };
		318B34591929472F00690BE7 /* NSError+STTwitter.h */ = {isa = PBXFileReference; fileEncoding = 4; lastKnownFileType = sourcecode.c.h; path = "NSError+STTwitter.h"; sourceTree = "<group>"; };
		318B345A1929472F00690BE7 /* NSError+STTwitter.m */ = {isa = PBXFileReference; fileEncoding = 4; lastKnownFileType = sourcecode.c.objc; path = "NSError+STTwitter.m"; sourceTree = "<group>"; };
		318B345B1929472F00690BE7 /* NSString+STTwitter.h */ = {isa = PBXFileReference; fileEncoding = 4; lastKnownFileType = sourcecode.c.h; path = "NSString+STTwitter.h"; sourceTree = "<group>"; };
		318B345C1929472F00690BE7 /* NSString+STTwitter.m */ = {isa = PBXFileReference; fileEncoding = 4; lastKnownFileType = sourcecode.c.objc; path = "NSString+STTwitter.m"; sourceTree = "<group>"; };
		318B345D1929472F00690BE7 /* STHTTPRequest+STTwitter.h */ = {isa = PBXFileReference; fileEncoding = 4; lastKnownFileType = sourcecode.c.h; path = "STHTTPRequest+STTwitter.h"; sourceTree = "<group>"; };
		318B345E1929472F00690BE7 /* STHTTPRequest+STTwitter.m */ = {isa = PBXFileReference; fileEncoding = 4; lastKnownFileType = sourcecode.c.objc; path = "STHTTPRequest+STTwitter.m"; sourceTree = "<group>"; };
		318B345F1929472F00690BE7 /* STTwitter.h */ = {isa = PBXFileReference; fileEncoding = 4; lastKnownFileType = sourcecode.c.h; path = STTwitter.h; sourceTree = "<group>"; };
		318B34601929472F00690BE7 /* STTwitterAPI.h */ = {isa = PBXFileReference; fileEncoding = 4; lastKnownFileType = sourcecode.c.h; path = STTwitterAPI.h; sourceTree = "<group>"; };
		318B34611929472F00690BE7 /* STTwitterAPI.m */ = {isa = PBXFileReference; fileEncoding = 4; lastKnownFileType = sourcecode.c.objc; path = STTwitterAPI.m; sourceTree = "<group>"; };
		318B34621929472F00690BE7 /* STTwitterAppOnly.h */ = {isa = PBXFileReference; fileEncoding = 4; lastKnownFileType = sourcecode.c.h; path = STTwitterAppOnly.h; sourceTree = "<group>"; };
		318B34631929472F00690BE7 /* STTwitterAppOnly.m */ = {isa = PBXFileReference; fileEncoding = 4; lastKnownFileType = sourcecode.c.objc; path = STTwitterAppOnly.m; sourceTree = "<group>"; };
		318B34641929472F00690BE7 /* STTwitterHTML.h */ = {isa = PBXFileReference; fileEncoding = 4; lastKnownFileType = sourcecode.c.h; path = STTwitterHTML.h; sourceTree = "<group>"; };
		318B34651929472F00690BE7 /* STTwitterHTML.m */ = {isa = PBXFileReference; fileEncoding = 4; lastKnownFileType = sourcecode.c.objc; path = STTwitterHTML.m; sourceTree = "<group>"; };
		318B34661929472F00690BE7 /* STTwitterOAuth.h */ = {isa = PBXFileReference; fileEncoding = 4; lastKnownFileType = sourcecode.c.h; path = STTwitterOAuth.h; sourceTree = "<group>"; };
		318B34671929472F00690BE7 /* STTwitterOAuth.m */ = {isa = PBXFileReference; fileEncoding = 4; lastKnownFileType = sourcecode.c.objc; path = STTwitterOAuth.m; sourceTree = "<group>"; };
		318B34681929472F00690BE7 /* STTwitterOS.h */ = {isa = PBXFileReference; fileEncoding = 4; lastKnownFileType = sourcecode.c.h; path = STTwitterOS.h; sourceTree = "<group>"; };
		318B34691929472F00690BE7 /* STTwitterOS.m */ = {isa = PBXFileReference; fileEncoding = 4; lastKnownFileType = sourcecode.c.objc; path = STTwitterOS.m; sourceTree = "<group>"; };
		318B346A1929472F00690BE7 /* STTwitterOSRequest.h */ = {isa = PBXFileReference; fileEncoding = 4; lastKnownFileType = sourcecode.c.h; path = STTwitterOSRequest.h; sourceTree = "<group>"; };
		318B346B1929472F00690BE7 /* STTwitterOSRequest.m */ = {isa = PBXFileReference; fileEncoding = 4; lastKnownFileType = sourcecode.c.objc; path = STTwitterOSRequest.m; sourceTree = "<group>"; };
		318B346C1929472F00690BE7 /* STTwitterProtocol.h */ = {isa = PBXFileReference; fileEncoding = 4; lastKnownFileType = sourcecode.c.h; path = STTwitterProtocol.h; sourceTree = "<group>"; };
		318B346E1929472F00690BE7 /* BAVPlistNode.h */ = {isa = PBXFileReference; fileEncoding = 4; lastKnownFileType = sourcecode.c.h; path = BAVPlistNode.h; sourceTree = "<group>"; };
		318B346F1929472F00690BE7 /* BAVPlistNode.m */ = {isa = PBXFileReference; fileEncoding = 4; lastKnownFileType = sourcecode.c.objc; path = BAVPlistNode.m; sourceTree = "<group>"; };
		318B34701929472F00690BE7 /* JSONSyntaxHighlight.h */ = {isa = PBXFileReference; fileEncoding = 4; lastKnownFileType = sourcecode.c.h; path = JSONSyntaxHighlight.h; sourceTree = "<group>"; };
		318B34711929472F00690BE7 /* JSONSyntaxHighlight.m */ = {isa = PBXFileReference; fileEncoding = 4; lastKnownFileType = sourcecode.c.objc; path = JSONSyntaxHighlight.m; sourceTree = "<group>"; };
		318B34721929472F00690BE7 /* STHTTPRequest.h */ = {isa = PBXFileReference; fileEncoding = 4; lastKnownFileType = sourcecode.c.h; path = STHTTPRequest.h; sourceTree = "<group>"; };
		318B34731929472F00690BE7 /* STHTTPRequest.m */ = {isa = PBXFileReference; fileEncoding = 4; lastKnownFileType = sourcecode.c.objc; path = STHTTPRequest.m; sourceTree = "<group>"; };
		318B348119294A8A00690BE7 /* Twitter.framework */ = {isa = PBXFileReference; lastKnownFileType = wrapper.framework; name = Twitter.framework; path = System/Library/Frameworks/Twitter.framework; sourceTree = SDKROOT; };
		318B348319294AA600690BE7 /* Accounts.framework */ = {isa = PBXFileReference; lastKnownFileType = wrapper.framework; name = Accounts.framework; path = System/Library/Frameworks/Accounts.framework; sourceTree = SDKROOT; };
		318B3486192AC6E500690BE7 /* TTTweetCell.h */ = {isa = PBXFileReference; fileEncoding = 4; lastKnownFileType = sourcecode.c.h; path = TTTweetCell.h; sourceTree = "<group>"; };
		318B3487192AC6E500690BE7 /* TTTweetCell.m */ = {isa = PBXFileReference; fileEncoding = 4; lastKnownFileType = sourcecode.c.objc; path = TTTweetCell.m; sourceTree = "<group>"; };
		318B3488192AC6E500690BE7 /* TTTweetCell.xib */ = {isa = PBXFileReference; fileEncoding = 4; lastKnownFileType = file.xib; path = TTTweetCell.xib; sourceTree = "<group>"; };
		318B348C192BE5AE00690BE7 /* NSDate+TimeAgo.h */ = {isa = PBXFileReference; fileEncoding = 4; lastKnownFileType = sourcecode.c.h; path = "NSDate+TimeAgo.h"; sourceTree = "<group>"; };
		318B348D192BE5AE00690BE7 /* NSDate+TimeAgo.m */ = {isa = PBXFileReference; fileEncoding = 4; lastKnownFileType = sourcecode.c.objc; path = "NSDate+TimeAgo.m"; sourceTree = "<group>"; };
		318B348F192BED1900690BE7 /* NSDateTimeAgo.bundle */ = {isa = PBXFileReference; lastKnownFileType = "wrapper.plug-in"; name = NSDateTimeAgo.bundle; path = "../../../../Downloads/NSDate-TimeAgo-master/NSDateTimeAgo.bundle"; sourceTree = "<group>"; };
		318B3491192BEFD700690BE7 /* TTTwitterFeedHeadCell.h */ = {isa = PBXFileReference; fileEncoding = 4; lastKnownFileType = sourcecode.c.h; path = TTTwitterFeedHeadCell.h; sourceTree = "<group>"; };
		318B3492192BEFD700690BE7 /* TTTwitterFeedHeadCell.m */ = {isa = PBXFileReference; fileEncoding = 4; lastKnownFileType = sourcecode.c.objc; path = TTTwitterFeedHeadCell.m; sourceTree = "<group>"; };
		318B3493192BEFD700690BE7 /* TTTwitterFeedHeadCell.xib */ = {isa = PBXFileReference; fileEncoding = 4; lastKnownFileType = file.xib; path = TTTwitterFeedHeadCell.xib; sourceTree = "<group>"; };
		318B3496192BF80000690BE7 /* TTImage.h */ = {isa = PBXFileReference; fileEncoding = 4; lastKnownFileType = sourcecode.c.h; path = TTImage.h; sourceTree = "<group>"; };
		318B3497192BF80000690BE7 /* TTImage.m */ = {isa = PBXFileReference; fileEncoding = 4; lastKnownFileType = sourcecode.c.objc; path = TTImage.m; sourceTree = "<group>"; };
		318B3499192BF82400690BE7 /* TTTwitterFeed.h */ = {isa = PBXFileReference; fileEncoding = 4; lastKnownFileType = sourcecode.c.h; path = TTTwitterFeed.h; sourceTree = "<group>"; };
		318B349A192BF82400690BE7 /* TTTwitterFeed.m */ = {isa = PBXFileReference; fileEncoding = 4; lastKnownFileType = sourcecode.c.objc; path = TTTwitterFeed.m; sourceTree = "<group>"; };
/* End PBXFileReference section */

/* Begin PBXFrameworksBuildPhase section */
		318B33EC19270BFD00690BE7 /* Frameworks */ = {
			isa = PBXFrameworksBuildPhase;
			buildActionMask = 2147483647;
			files = (
				318B348419294AA600690BE7 /* Accounts.framework in Frameworks */,
				318B348219294A8A00690BE7 /* Twitter.framework in Frameworks */,
				318B342819270D2B00690BE7 /* Social.framework in Frameworks */,
				318B33F519270BFD00690BE7 /* CoreGraphics.framework in Frameworks */,
				318B33F719270BFD00690BE7 /* UIKit.framework in Frameworks */,
				318B33F319270BFD00690BE7 /* Foundation.framework in Frameworks */,
			);
			runOnlyForDeploymentPostprocessing = 0;
		};
		318B340D19270BFD00690BE7 /* Frameworks */ = {
			isa = PBXFrameworksBuildPhase;
			buildActionMask = 2147483647;
			files = (
				318B341219270BFD00690BE7 /* XCTest.framework in Frameworks */,
				318B341419270BFD00690BE7 /* UIKit.framework in Frameworks */,
				318B341319270BFD00690BE7 /* Foundation.framework in Frameworks */,
			);
			runOnlyForDeploymentPostprocessing = 0;
		};
/* End PBXFrameworksBuildPhase section */

/* Begin PBXGroup section */
		318B33E619270BFD00690BE7 = {
			isa = PBXGroup;
			children = (
				318B33F819270BFD00690BE7 /* TendigiTwitterFeed */,
				318B341719270BFD00690BE7 /* TendigiTwitterFeedTests */,
				318B33F119270BFD00690BE7 /* Frameworks */,
				318B33F019270BFD00690BE7 /* Products */,
			);
			sourceTree = "<group>";
		};
		318B33F019270BFD00690BE7 /* Products */ = {
			isa = PBXGroup;
			children = (
				318B33EF19270BFD00690BE7 /* TendigiTwitterFeed.app */,
				318B341019270BFD00690BE7 /* TendigiTwitterFeedTests.xctest */,
			);
			name = Products;
			sourceTree = "<group>";
		};
		318B33F119270BFD00690BE7 /* Frameworks */ = {
			isa = PBXGroup;
			children = (
				318B348319294AA600690BE7 /* Accounts.framework */,
				318B348119294A8A00690BE7 /* Twitter.framework */,
				318B342719270D2B00690BE7 /* Social.framework */,
				318B33F219270BFD00690BE7 /* Foundation.framework */,
				318B33F419270BFD00690BE7 /* CoreGraphics.framework */,
				318B33F619270BFD00690BE7 /* UIKit.framework */,
				318B341119270BFD00690BE7 /* XCTest.framework */,
			);
			name = Frameworks;
			sourceTree = "<group>";
		};
		318B33F819270BFD00690BE7 /* TendigiTwitterFeed */ = {
			isa = PBXGroup;
			children = (
				318B340119270BFD00690BE7 /* TTAppDelegate.h */,
				318B340219270BFD00690BE7 /* TTAppDelegate.m */,
				318B340719270BFD00690BE7 /* TTViewController.h */,
				318B340819270BFD00690BE7 /* TTViewController.m */,
				318B345019290C7900690BE7 /* TTGetJson.h */,
				318B345119290C7900690BE7 /* TTGetJson.m */,
				318B34531929289600690BE7 /* TTTweet.h */,
				318B34541929289600690BE7 /* TTTweet.m */,
				318B3499192BF82400690BE7 /* TTTwitterFeed.h */,
				318B349A192BF82400690BE7 /* TTTwitterFeed.m */,
				318B3496192BF80000690BE7 /* TTImage.h */,
				318B3497192BF80000690BE7 /* TTImage.m */,
				318B3485192AC67800690BE7 /* Cell */,
				318B340419270BFD00690BE7 /* Main.storyboard */,
				318B340A19270BFD00690BE7 /* Images.xcassets */,
				318B3446192713F100690BE7 /* Resources */,
				318B348B192BE5AE00690BE7 /* NSDATETimeAgo */,
				318B34561929472F00690BE7 /* STTwitter */,
				318B33F919270BFD00690BE7 /* Supporting Files */,
			);
			path = TendigiTwitterFeed;
			sourceTree = "<group>";
		};
		318B33F919270BFD00690BE7 /* Supporting Files */ = {
			isa = PBXGroup;
			children = (
				318B33FA19270BFD00690BE7 /* TendigiTwitterFeed-Info.plist */,
				318B33FB19270BFD00690BE7 /* InfoPlist.strings */,
				318B33FE19270BFD00690BE7 /* main.m */,
				318B340019270BFD00690BE7 /* TendigiTwitterFeed-Prefix.pch */,
			);
			name = "Supporting Files";
			sourceTree = "<group>";
		};
		318B341719270BFD00690BE7 /* TendigiTwitterFeedTests */ = {
			isa = PBXGroup;
			children = (
				318B341D19270BFD00690BE7 /* TendigiTwitterFeedTests.m */,
				318B341819270BFD00690BE7 /* Supporting Files */,
			);
			path = TendigiTwitterFeedTests;
			sourceTree = "<group>";
		};
		318B341819270BFD00690BE7 /* Supporting Files */ = {
			isa = PBXGroup;
			children = (
				318B341919270BFD00690BE7 /* TendigiTwitterFeedTests-Info.plist */,
				318B341A19270BFD00690BE7 /* InfoPlist.strings */,
			);
			name = "Supporting Files";
			sourceTree = "<group>";
		};
		318B3446192713F100690BE7 /* Resources */ = {
			isa = PBXGroup;
			children = (
				318B34471927140200690BE7 /* Images */,
			);
			name = Resources;
			sourceTree = "<group>";
		};
		318B34471927140200690BE7 /* Images */ = {
			isa = PBXGroup;
			children = (
				318B344C1927167700690BE7 /* citybackground_blur.png */,
				318B344D1927167700690BE7 /* citybackground_clear.png */,
			);
			name = Images;
			sourceTree = "<group>";
		};
		318B34561929472F00690BE7 /* STTwitter */ = {
			isa = PBXGroup;
			children = (
				318B34571929472F00690BE7 /* NSDateFormatter+STTwitter.h */,
				318B34581929472F00690BE7 /* NSDateFormatter+STTwitter.m */,
				318B34591929472F00690BE7 /* NSError+STTwitter.h */,
				318B345A1929472F00690BE7 /* NSError+STTwitter.m */,
				318B345B1929472F00690BE7 /* NSString+STTwitter.h */,
				318B345C1929472F00690BE7 /* NSString+STTwitter.m */,
				318B345D1929472F00690BE7 /* STHTTPRequest+STTwitter.h */,
				318B345E1929472F00690BE7 /* STHTTPRequest+STTwitter.m */,
				318B345F1929472F00690BE7 /* STTwitter.h */,
				318B34601929472F00690BE7 /* STTwitterAPI.h */,
				318B34611929472F00690BE7 /* STTwitterAPI.m */,
				318B34621929472F00690BE7 /* STTwitterAppOnly.h */,
				318B34631929472F00690BE7 /* STTwitterAppOnly.m */,
				318B34641929472F00690BE7 /* STTwitterHTML.h */,
				318B34651929472F00690BE7 /* STTwitterHTML.m */,
				318B34661929472F00690BE7 /* STTwitterOAuth.h */,
				318B34671929472F00690BE7 /* STTwitterOAuth.m */,
				318B34681929472F00690BE7 /* STTwitterOS.h */,
				318B34691929472F00690BE7 /* STTwitterOS.m */,
				318B346A1929472F00690BE7 /* STTwitterOSRequest.h */,
				318B346B1929472F00690BE7 /* STTwitterOSRequest.m */,
				318B346C1929472F00690BE7 /* STTwitterProtocol.h */,
				318B346D1929472F00690BE7 /* Vendor */,
			);
			name = STTwitter;
			path = ../../iOS_Libraries/STTwitter;
			sourceTree = "<group>";
		};
		318B346D1929472F00690BE7 /* Vendor */ = {
			isa = PBXGroup;
			children = (
				318B346E1929472F00690BE7 /* BAVPlistNode.h */,
				318B346F1929472F00690BE7 /* BAVPlistNode.m */,
				318B34701929472F00690BE7 /* JSONSyntaxHighlight.h */,
				318B34711929472F00690BE7 /* JSONSyntaxHighlight.m */,
				318B34721929472F00690BE7 /* STHTTPRequest.h */,
				318B34731929472F00690BE7 /* STHTTPRequest.m */,
			);
			path = Vendor;
			sourceTree = "<group>";
		};
		318B3485192AC67800690BE7 /* Cell */ = {
			isa = PBXGroup;
			children = (
				318B3488192AC6E500690BE7 /* TTTweetCell.xib */,
				318B3486192AC6E500690BE7 /* TTTweetCell.h */,
				318B3487192AC6E500690BE7 /* TTTweetCell.m */,
				318B3493192BEFD700690BE7 /* TTTwitterFeedHeadCell.xib */,
				318B3491192BEFD700690BE7 /* TTTwitterFeedHeadCell.h */,
				318B3492192BEFD700690BE7 /* TTTwitterFeedHeadCell.m */,
			);
			name = Cell;
			sourceTree = "<group>";
		};
		318B348B192BE5AE00690BE7 /* NSDATETimeAgo */ = {
			isa = PBXGroup;
			children = (
				318B348F192BED1900690BE7 /* NSDateTimeAgo.bundle */,
				318B348C192BE5AE00690BE7 /* NSDate+TimeAgo.h */,
				318B348D192BE5AE00690BE7 /* NSDate+TimeAgo.m */,
			);
			name = NSDATETimeAgo;
			path = ../../iOS_Libraries/NSDATETimeAgo;
			sourceTree = "<group>";
		};
/* End PBXGroup section */

/* Begin PBXNativeTarget section */
		318B33EE19270BFD00690BE7 /* TendigiTwitterFeed */ = {
			isa = PBXNativeTarget;
			buildConfigurationList = 318B342119270BFD00690BE7 /* Build configuration list for PBXNativeTarget "TendigiTwitterFeed" */;
			buildPhases = (
				318B33EB19270BFD00690BE7 /* Sources */,
				318B33EC19270BFD00690BE7 /* Frameworks */,
				318B33ED19270BFD00690BE7 /* Resources */,
			);
			buildRules = (
			);
			dependencies = (
			);
			name = TendigiTwitterFeed;
			productName = TendigiTwitterFeed;
			productReference = 318B33EF19270BFD00690BE7 /* TendigiTwitterFeed.app */;
			productType = "com.apple.product-type.application";
		};
		318B340F19270BFD00690BE7 /* TendigiTwitterFeedTests */ = {
			isa = PBXNativeTarget;
			buildConfigurationList = 318B342419270BFD00690BE7 /* Build configuration list for PBXNativeTarget "TendigiTwitterFeedTests" */;
			buildPhases = (
				318B340C19270BFD00690BE7 /* Sources */,
				318B340D19270BFD00690BE7 /* Frameworks */,
				318B340E19270BFD00690BE7 /* Resources */,
			);
			buildRules = (
			);
			dependencies = (
				318B341619270BFD00690BE7 /* PBXTargetDependency */,
			);
			name = TendigiTwitterFeedTests;
			productName = TendigiTwitterFeedTests;
			productReference = 318B341019270BFD00690BE7 /* TendigiTwitterFeedTests.xctest */;
			productType = "com.apple.product-type.bundle.unit-test";
		};
/* End PBXNativeTarget section */

/* Begin PBXProject section */
		318B33E719270BFD00690BE7 /* Project object */ = {
			isa = PBXProject;
			attributes = {
				CLASSPREFIX = TT;
				LastUpgradeCheck = 0510;
				ORGANIZATIONNAME = SkyeFreeman;
				TargetAttributes = {
					318B340F19270BFD00690BE7 = {
						TestTargetID = 318B33EE19270BFD00690BE7;
					};
				};
			};
			buildConfigurationList = 318B33EA19270BFD00690BE7 /* Build configuration list for PBXProject "TendigiTwitterFeed" */;
			compatibilityVersion = "Xcode 3.2";
			developmentRegion = English;
			hasScannedForEncodings = 0;
			knownRegions = (
				en,
				Base,
			);
			mainGroup = 318B33E619270BFD00690BE7;
			productRefGroup = 318B33F019270BFD00690BE7 /* Products */;
			projectDirPath = "";
			projectRoot = "";
			targets = (
				318B33EE19270BFD00690BE7 /* TendigiTwitterFeed */,
				318B340F19270BFD00690BE7 /* TendigiTwitterFeedTests */,
			);
		};
/* End PBXProject section */

/* Begin PBXResourcesBuildPhase section */
		318B33ED19270BFD00690BE7 /* Resources */ = {
			isa = PBXResourcesBuildPhase;
			buildActionMask = 2147483647;
			files = (
				318B344F1927167700690BE7 /* citybackground_clear.png in Resources */,
				318B340B19270BFD00690BE7 /* Images.xcassets in Resources */,
				318B33FD19270BFD00690BE7 /* InfoPlist.strings in Resources */,
				318B3495192BEFD700690BE7 /* TTTwitterFeedHeadCell.xib in Resources */,
				318B3490192BED1900690BE7 /* NSDateTimeAgo.bundle in Resources */,
				318B340619270BFD00690BE7 /* Main.storyboard in Resources */,
				318B344E1927167700690BE7 /* citybackground_blur.png in Resources */,
				318B348A192AC6E500690BE7 /* TTTweetCell.xib in Resources */,
			);
			runOnlyForDeploymentPostprocessing = 0;
		};
		318B340E19270BFD00690BE7 /* Resources */ = {
			isa = PBXResourcesBuildPhase;
			buildActionMask = 2147483647;
			files = (
				318B341C19270BFD00690BE7 /* InfoPlist.strings in Resources */,
			);
			runOnlyForDeploymentPostprocessing = 0;
		};
/* End PBXResourcesBuildPhase section */

/* Begin PBXSourcesBuildPhase section */
		318B33EB19270BFD00690BE7 /* Sources */ = {
			isa = PBXSourcesBuildPhase;
			buildActionMask = 2147483647;
			files = (
				318B34761929472F00690BE7 /* NSString+STTwitter.m in Sources */,
				318B347E1929472F00690BE7 /* BAVPlistNode.m in Sources */,
				318B340319270BFD00690BE7 /* TTAppDelegate.m in Sources */,
				318B34781929472F00690BE7 /* STTwitterAPI.m in Sources */,
				318B347D1929472F00690BE7 /* STTwitterOSRequest.m in Sources */,
				318B34771929472F00690BE7 /* STHTTPRequest+STTwitter.m in Sources */,
				318B347A1929472F00690BE7 /* STTwitterHTML.m in Sources */,
				318B34801929472F00690BE7 /* STHTTPRequest.m in Sources */,
				318B34741929472F00690BE7 /* NSDateFormatter+STTwitter.m in Sources */,
				318B3498192BF80000690BE7 /* TTImage.m in Sources */,
				318B347C1929472F00690BE7 /* STTwitterOS.m in Sources */,
				318B34791929472F00690BE7 /* STTwitterAppOnly.m in Sources */,
				318B33FF19270BFD00690BE7 /* main.m in Sources */,
				318B340919270BFD00690BE7 /* TTViewController.m in Sources */,
				318B3489192AC6E500690BE7 /* TTTweetCell.m in Sources */,
				318B345219290C7900690BE7 /* TTGetJson.m in Sources */,
				318B348E192BE5AE00690BE7 /* NSDate+TimeAgo.m in Sources */,
				318B34751929472F00690BE7 /* NSError+STTwitter.m in Sources */,
				318B347B1929472F00690BE7 /* STTwitterOAuth.m in Sources */,
				318B34551929289600690BE7 /* TTTweet.m in Sources */,
				318B3494192BEFD700690BE7 /* TTTwitterFeedHeadCell.m in Sources */,
				318B349B192BF82400690BE7 /* TTTwitterFeed.m in Sources */,
				318B347F1929472F00690BE7 /* JSONSyntaxHighlight.m in Sources */,
			);
			runOnlyForDeploymentPostprocessing = 0;
		};
		318B340C19270BFD00690BE7 /* Sources */ = {
			isa = PBXSourcesBuildPhase;
			buildActionMask = 2147483647;
			files = (
				318B341E19270BFD00690BE7 /* TendigiTwitterFeedTests.m in Sources */,
			);
			runOnlyForDeploymentPostprocessing = 0;
		};
/* End PBXSourcesBuildPhase section */

/* Begin PBXTargetDependency section */
		318B341619270BFD00690BE7 /* PBXTargetDependency */ = {
			isa = PBXTargetDependency;
			target = 318B33EE19270BFD00690BE7 /* TendigiTwitterFeed */;
			targetProxy = 318B341519270BFD00690BE7 /* PBXContainerItemProxy */;
		};
/* End PBXTargetDependency section */

/* Begin PBXVariantGroup section */
		318B33FB19270BFD00690BE7 /* InfoPlist.strings */ = {
			isa = PBXVariantGroup;
			children = (
				318B33FC19270BFD00690BE7 /* en */,
			);
			name = InfoPlist.strings;
			sourceTree = "<group>";
		};
		318B340419270BFD00690BE7 /* Main.storyboard */ = {
			isa = PBXVariantGroup;
			children = (
				318B340519270BFD00690BE7 /* Base */,
			);
			name = Main.storyboard;
			sourceTree = "<group>";
		};
		318B341A19270BFD00690BE7 /* InfoPlist.strings */ = {
			isa = PBXVariantGroup;
			children = (
				318B341B19270BFD00690BE7 /* en */,
			);
			name = InfoPlist.strings;
			sourceTree = "<group>";
		};
/* End PBXVariantGroup section */

/* Begin XCBuildConfiguration section */
		318B341F19270BFD00690BE7 /* Debug */ = {
			isa = XCBuildConfiguration;
			buildSettings = {
				ALWAYS_SEARCH_USER_PATHS = NO;
				CLANG_CXX_LANGUAGE_STANDARD = "gnu++0x";
				CLANG_CXX_LIBRARY = "libc++";
				CLANG_ENABLE_MODULES = YES;
				CLANG_ENABLE_OBJC_ARC = YES;
				CLANG_WARN_BOOL_CONVERSION = YES;
				CLANG_WARN_CONSTANT_CONVERSION = YES;
				CLANG_WARN_DIRECT_OBJC_ISA_USAGE = YES_ERROR;
				CLANG_WARN_EMPTY_BODY = YES;
				CLANG_WARN_ENUM_CONVERSION = YES;
				CLANG_WARN_INT_CONVERSION = YES;
				CLANG_WARN_OBJC_ROOT_CLASS = YES_ERROR;
				CLANG_WARN__DUPLICATE_METHOD_MATCH = YES;
				"CODE_SIGN_IDENTITY[sdk=iphoneos*]" = "iPhone Developer";
				COPY_PHASE_STRIP = NO;
				GCC_C_LANGUAGE_STANDARD = gnu99;
				GCC_DYNAMIC_NO_PIC = NO;
				GCC_OPTIMIZATION_LEVEL = 0;
				GCC_PREPROCESSOR_DEFINITIONS = (
					"DEBUG=1",
					"$(inherited)",
				);
				GCC_SYMBOLS_PRIVATE_EXTERN = NO;
				GCC_WARN_64_TO_32_BIT_CONVERSION = YES;
				GCC_WARN_ABOUT_RETURN_TYPE = YES_ERROR;
				GCC_WARN_UNDECLARED_SELECTOR = YES;
				GCC_WARN_UNINITIALIZED_AUTOS = YES_AGGRESSIVE;
				GCC_WARN_UNUSED_FUNCTION = YES;
				GCC_WARN_UNUSED_VARIABLE = YES;
				IPHONEOS_DEPLOYMENT_TARGET = 7.1;
				ONLY_ACTIVE_ARCH = YES;
				SDKROOT = iphoneos;
			};
			name = Debug;
		};
		318B342019270BFD00690BE7 /* Release */ = {
			isa = XCBuildConfiguration;
			buildSettings = {
				ALWAYS_SEARCH_USER_PATHS = NO;
				CLANG_CXX_LANGUAGE_STANDARD = "gnu++0x";
				CLANG_CXX_LIBRARY = "libc++";
				CLANG_ENABLE_MODULES = YES;
				CLANG_ENABLE_OBJC_ARC = YES;
				CLANG_WARN_BOOL_CONVERSION = YES;
				CLANG_WARN_CONSTANT_CONVERSION = YES;
				CLANG_WARN_DIRECT_OBJC_ISA_USAGE = YES_ERROR;
				CLANG_WARN_EMPTY_BODY = YES;
				CLANG_WARN_ENUM_CONVERSION = YES;
				CLANG_WARN_INT_CONVERSION = YES;
				CLANG_WARN_OBJC_ROOT_CLASS = YES_ERROR;
				CLANG_WARN__DUPLICATE_METHOD_MATCH = YES;
				"CODE_SIGN_IDENTITY[sdk=iphoneos*]" = "iPhone Developer";
				COPY_PHASE_STRIP = YES;
				ENABLE_NS_ASSERTIONS = NO;
				GCC_C_LANGUAGE_STANDARD = gnu99;
				GCC_WARN_64_TO_32_BIT_CONVERSION = YES;
				GCC_WARN_ABOUT_RETURN_TYPE = YES_ERROR;
				GCC_WARN_UNDECLARED_SELECTOR = YES;
				GCC_WARN_UNINITIALIZED_AUTOS = YES_AGGRESSIVE;
				GCC_WARN_UNUSED_FUNCTION = YES;
				GCC_WARN_UNUSED_VARIABLE = YES;
				IPHONEOS_DEPLOYMENT_TARGET = 7.1;
				SDKROOT = iphoneos;
				VALIDATE_PRODUCT = YES;
			};
			name = Release;
		};
		318B342219270BFD00690BE7 /* Debug */ = {
			isa = XCBuildConfiguration;
			buildSettings = {
				ASSETCATALOG_COMPILER_APPICON_NAME = AppIcon;
				ASSETCATALOG_COMPILER_LAUNCHIMAGE_NAME = LaunchImage;
				GCC_PRECOMPILE_PREFIX_HEADER = YES;
				GCC_PREFIX_HEADER = "TendigiTwitterFeed/TendigiTwitterFeed-Prefix.pch";
				INFOPLIST_FILE = "TendigiTwitterFeed/TendigiTwitterFeed-Info.plist";
				PRODUCT_NAME = "$(TARGET_NAME)";
				WRAPPER_EXTENSION = app;
			};
			name = Debug;
		};
		318B342319270BFD00690BE7 /* Release */ = {
			isa = XCBuildConfiguration;
			buildSettings = {
				ASSETCATALOG_COMPILER_APPICON_NAME = AppIcon;
				ASSETCATALOG_COMPILER_LAUNCHIMAGE_NAME = LaunchImage;
				GCC_PRECOMPILE_PREFIX_HEADER = YES;
				GCC_PREFIX_HEADER = "TendigiTwitterFeed/TendigiTwitterFeed-Prefix.pch";
				INFOPLIST_FILE = "TendigiTwitterFeed/TendigiTwitterFeed-Info.plist";
				PRODUCT_NAME = "$(TARGET_NAME)";
				WRAPPER_EXTENSION = app;
			};
			name = Release;
		};
		318B342519270BFD00690BE7 /* Debug */ = {
			isa = XCBuildConfiguration;
			buildSettings = {
				BUNDLE_LOADER = "$(BUILT_PRODUCTS_DIR)/TendigiTwitterFeed.app/TendigiTwitterFeed";
				FRAMEWORK_SEARCH_PATHS = (
					"$(SDKROOT)/Developer/Library/Frameworks",
					"$(inherited)",
					"$(DEVELOPER_FRAMEWORKS_DIR)",
				);
				GCC_PRECOMPILE_PREFIX_HEADER = YES;
				GCC_PREFIX_HEADER = "TendigiTwitterFeed/TendigiTwitterFeed-Prefix.pch";
				GCC_PREPROCESSOR_DEFINITIONS = (
					"DEBUG=1",
					"$(inherited)",
				);
				INFOPLIST_FILE = "TendigiTwitterFeedTests/TendigiTwitterFeedTests-Info.plist";
				PRODUCT_NAME = "$(TARGET_NAME)";
				TEST_HOST = "$(BUNDLE_LOADER)";
				WRAPPER_EXTENSION = xctest;
			};
			name = Debug;
		};
		318B342619270BFD00690BE7 /* Release */ = {
			isa = XCBuildConfiguration;
			buildSettings = {
				BUNDLE_LOADER = "$(BUILT_PRODUCTS_DIR)/TendigiTwitterFeed.app/TendigiTwitterFeed";
				FRAMEWORK_SEARCH_PATHS = (
					"$(SDKROOT)/Developer/Library/Frameworks",
					"$(inherited)",
					"$(DEVELOPER_FRAMEWORKS_DIR)",
				);
				GCC_PRECOMPILE_PREFIX_HEADER = YES;
				GCC_PREFIX_HEADER = "TendigiTwitterFeed/TendigiTwitterFeed-Prefix.pch";
				INFOPLIST_FILE = "TendigiTwitterFeedTests/TendigiTwitterFeedTests-Info.plist";
				PRODUCT_NAME = "$(TARGET_NAME)";
				TEST_HOST = "$(BUNDLE_LOADER)";
				WRAPPER_EXTENSION = xctest;
			};
			name = Release;
		};
/* End XCBuildConfiguration section */

/* Begin XCConfigurationList section */
		318B33EA19270BFD00690BE7 /* Build configuration list for PBXProject "TendigiTwitterFeed" */ = {
			isa = XCConfigurationList;
			buildConfigurations = (
				318B341F19270BFD00690BE7 /* Debug */,
				318B342019270BFD00690BE7 /* Release */,
			);
			defaultConfigurationIsVisible = 0;
			defaultConfigurationName = Release;
		};
		318B342119270BFD00690BE7 /* Build configuration list for PBXNativeTarget "TendigiTwitterFeed" */ = {
			isa = XCConfigurationList;
			buildConfigurations = (
				318B342219270BFD00690BE7 /* Debug */,
				318B342319270BFD00690BE7 /* Release */,
			);
			defaultConfigurationIsVisible = 0;
		};
		318B342419270BFD00690BE7 /* Build configuration list for PBXNativeTarget "TendigiTwitterFeedTests" */ = {
			isa = XCConfigurationList;
			buildConfigurations = (
				318B342519270BFD00690BE7 /* Debug */,
				318B342619270BFD00690BE7 /* Release */,
			);
			defaultConfigurationIsVisible = 0;
		};
/* End XCConfigurationList section */
	};
	rootObject = 318B33E719270BFD00690BE7 /* Project object */;
}
